{
  "name": "wp-performance-partytown",
  "version": "0.0.1",
  "lockfileVersion": 2,
  "requires": true,
  "packages": {
    "": {
      "name": "wp-performance-partytown",
      "version": "0.0.1",
      "license": "ISC",
      "dependencies": {
        "@builder.io/partytown": "^0.7.1"
      },
      "devDependencies": {
        "husky": "^8.0.1"
      }
    },
    "node_modules/@builder.io/partytown": {
      "version": "0.7.1",
      "resolved": "https://registry.npmjs.org/@builder.io/partytown/-/partytown-0.7.1.tgz",
      "integrity": "sha512-hvu2gG9NDtCa5aoL4JkvDe3E5SegXlHAkhtA+Az96uTtFA0PYuEPjDYGiayGTkZuRKUmxetebWjIFgSDNdlBOw==",
      "bin": {
        "partytown": "bin/partytown.cjs"
      }
    },
    "node_modules/husky": {
      "version": "8.0.1",
      "resolved": "https://registry.npmjs.org/husky/-/husky-8.0.1.tgz",
      "integrity": "sha512-xs7/chUH/CKdOCs7Zy0Aev9e/dKOMZf3K1Az1nar3tzlv0jfqnYtu235bstsWTmXOR0EfINrPa97yy4Lz6RiKw==",
      "dev": true,
      "bin": {
        "husky": "lib/bin.js"
      },
      "engines": {
        "node": ">=14"
      },
      "funding": {
        "url": "https://github.com/sponsors/typicode"
      }
    }
  },
  "dependencies": {
    "@builder.io/partytown": {
      "version": "0.7.1",
      "resolved": "https://registry.npmjs.org/@builder.io/partytown/-/partytown-0.7.1.tgz",
      "integrity": "sha512-hvu2gG9NDtCa5aoL4JkvDe3E5SegXlHAkhtA+Az96uTtFA0PYuEPjDYGiayGTkZuRKUmxetebWjIFgSDNdlBOw=="
    },
    "husky": {
      "version": "8.0.1",
      "resolved": "https://registry.npmjs.org/husky/-/husky-8.0.1.tgz",
      "integrity": "sha512-xs7/chUH/CKdOCs7Zy0Aev9e/dKOMZf3K1Az1nar3tzlv0jfqnYtu235bstsWTmXOR0EfINrPa97yy4Lz6RiKw==",
      "dev": true
    }
  }
}
